
Microsoft Visual Studio Solution File, Format Version 12.00
# Visual Studio Version 16
VisualStudioVersion = 16.0.31424.327
MinimumVisualStudioVersion = 10.0.40219.1
Project("{FAE04EC0-301F-11D3-BF4B-00C04F79EFBC}") = "morrisbyAssignment", "morrisbyAssignment\morrisbyAssignment.csproj", "{C196C5C6-1B57-4A63-A385-233DD0D31A98}"
EndProject
Global
	GlobalSection(SolutionConfigurationPlatforms) = preSolution
		Debug|Any CPU = Debug|Any CPU
		Release|Any CPU = Release|Any CPU
	EndGlobalSection
	GlobalSection(ProjectConfigurationPlatforms) = postSolution
		{C196C5C6-1B57-4A63-A385-233DD0D31A98}.Debug|Any CPU.ActiveCfg = Debug|Any CPU
		{C196C5C6-1B57-4A63-A385-233DD0D31A98}.Debug|Any CPU.Build.0 = Debug|Any CPU
		{C196C5C6-1B57-4A63-A385-233DD0D31A98}.Release|Any CPU.ActiveCfg = Release|Any CPU
		{C196C5C6-1B57-4A63-A385-233DD0D31A98}.Release|Any CPU.Build.0 = Release|Any CPU
	EndGlobalSection
	GlobalSection(SolutionProperties) = preSolution
		HideSolutionNode = FALSE
	EndGlobalSection
	GlobalSection(ExtensibilityGlobals) = postSolution
		SolutionGuid = {4B57C6A6-6F69-4E52-83E2-E3BD4F274E27}
	EndGlobalSection
EndGlobal
